
Microsoft Visual Studio Solution File, Format Version 12.00
# Visual Studio Version 17
VisualStudioVersion = 17.0.31903.59
MinimumVisualStudioVersion = 10.0.40219.1
Project("{FAE04EC0-301F-11D3-BF4B-00C04F79EFBC}") = "Repositories", "Repositories\Repositories.csproj", "{B68B6D87-170F-415C-A3EA-F5D99DBF53B1}"
EndProject
Project("{FAE04EC0-301F-11D3-BF4B-00C04F79EFBC}") = "Services", "Services\Services.csproj", "{9BC29526-4C2C-442E-B0CF-25CA623B0F98}"
EndProject
Project("{FAE04EC0-301F-11D3-BF4B-00C04F79EFBC}") = "WebApi", "WebApi\WebApi.csproj", "{C02EF43F-B8EA-4E8A-8617-613D5FE5097B}"
EndProject
Global
	GlobalSection(SolutionConfigurationPlatforms) = preSolution
		Debug|Any CPU = Debug|Any CPU
		Release|Any CPU = Release|Any CPU
	EndGlobalSection
	GlobalSection(ProjectConfigurationPlatforms) = postSolution
		{B68B6D87-170F-415C-A3EA-F5D99DBF53B1}.Debug|Any CPU.ActiveCfg = Debug|Any CPU
		{B68B6D87-170F-415C-A3EA-F5D99DBF53B1}.Debug|Any CPU.Build.0 = Debug|Any CPU
		{B68B6D87-170F-415C-A3EA-F5D99DBF53B1}.Release|Any CPU.ActiveCfg = Release|Any CPU
		{B68B6D87-170F-415C-A3EA-F5D99DBF53B1}.Release|Any CPU.Build.0 = Release|Any CPU
		{9BC29526-4C2C-442E-B0CF-25CA623B0F98}.Debug|Any CPU.ActiveCfg = Debug|Any CPU
		{9BC29526-4C2C-442E-B0CF-25CA623B0F98}.Debug|Any CPU.Build.0 = Debug|Any CPU
		{9BC29526-4C2C-442E-B0CF-25CA623B0F98}.Release|Any CPU.ActiveCfg = Release|Any CPU
		{9BC29526-4C2C-442E-B0CF-25CA623B0F98}.Release|Any CPU.Build.0 = Release|Any CPU
		{C02EF43F-B8EA-4E8A-8617-613D5FE5097B}.Debug|Any CPU.ActiveCfg = Debug|Any CPU
		{C02EF43F-B8EA-4E8A-8617-613D5FE5097B}.Debug|Any CPU.Build.0 = Debug|Any CPU
		{C02EF43F-B8EA-4E8A-8617-613D5FE5097B}.Release|Any CPU.ActiveCfg = Release|Any CPU
		{C02EF43F-B8EA-4E8A-8617-613D5FE5097B}.Release|Any CPU.Build.0 = Release|Any CPU
	EndGlobalSection
	GlobalSection(SolutionProperties) = preSolution
		HideSolutionNode = FALSE
	EndGlobalSection
EndGlobal
